{
  "name": "doshbot",
  "version": "1.0.0",
  "lockfileVersion": 1,
  "requires": true,
  "dependencies": {
    "typescript": {
      "version": "3.9.2",
      "resolved": "https://dosh.jfrog.io/dosh/api/npm/npm/typescript/-/typescript-3.9.2.tgz",
      "integrity": "sha1-ZOnI6b5upYPFRgdnfdRoChzzXbk="
    }
  }
}
